
Microsoft Visual Studio Solution File, Format Version 12.00
# Visual Studio 15
VisualStudioVersion = 15.0.27703.2035
MinimumVisualStudioVersion = 10.0.40219.1
Project("{E24C65DC-7377-472B-9ABA-BC803B73C61A}") = "Launchpad", "Launchpad\", "{A614BABF-D029-4918-AC3D-8AD8991949F1}"
	ProjectSection(WebsiteProperties) = preProject
		TargetFrameworkMoniker = ".NETFramework,Version%3Dv4.6.1"
		Debug.AspNetCompiler.VirtualPath = "/localhost_65303"
		Debug.AspNetCompiler.PhysicalPath = "Launchpad\"
		Debug.AspNetCompiler.TargetPath = "PrecompiledWeb\localhost_65303\"
		Debug.AspNetCompiler.Updateable = "true"
		Debug.AspNetCompiler.ForceOverwrite = "true"
		Debug.AspNetCompiler.FixedNames = "false"
		Debug.AspNetCompiler.Debug = "True"
		Release.AspNetCompiler.VirtualPath = "/localhost_65303"
		Release.AspNetCompiler.PhysicalPath = "Launchpad\"
		Release.AspNetCompiler.TargetPath = "PrecompiledWeb\localhost_65303\"
		Release.AspNetCompiler.Updateable = "true"
		Release.AspNetCompiler.ForceOverwrite = "true"
		Release.AspNetCompiler.FixedNames = "false"
		Release.AspNetCompiler.Debug = "False"
		VWDPort = "65303"
		SlnRelativePath = "Launchpad\"
		DefaultWebSiteLanguage = "Visual C#"
	EndProjectSection
EndProject
Global
	GlobalSection(SolutionConfigurationPlatforms) = preSolution
		Debug|Any CPU = Debug|Any CPU
	EndGlobalSection
	GlobalSection(ProjectConfigurationPlatforms) = postSolution
		{A614BABF-D029-4918-AC3D-8AD8991949F1}.Debug|Any CPU.ActiveCfg = Debug|Any CPU
		{A614BABF-D029-4918-AC3D-8AD8991949F1}.Debug|Any CPU.Build.0 = Debug|Any CPU
	EndGlobalSection
	GlobalSection(SolutionProperties) = preSolution
		HideSolutionNode = FALSE
	EndGlobalSection
	GlobalSection(ExtensibilityGlobals) = postSolution
		SolutionGuid = {4D6047A1-7B14-4CAF-B474-A5C2D0199956}
	EndGlobalSection
EndGlobal
